// !$*UTF8*$!
{
	archiveVersion = 1;
	classes = {
	};
	objectVersion = 48;
	objects = {

/* Begin PBXBuildFile section */
		7914CD1589C15F571E082294 /* Pods_InstgramCopy.framework in Frameworks */ = {isa = PBXBuildFile; fileRef = 15611F36CAAFA16CB5B906AB /* Pods_InstgramCopy.framework */; };
		D23F09D41F336EC60051AD81 /* AppDelegate.swift in Sources */ = {isa = PBXBuildFile; fileRef = D23F09D31F336EC60051AD81 /* AppDelegate.swift */; };
		D23F09D61F336EC60051AD81 /* ViewController.swift in Sources */ = {isa = PBXBuildFile; fileRef = D23F09D51F336EC60051AD81 /* ViewController.swift */; };
		D23F09D91F336EC60051AD81 /* Main.storyboard in Resources */ = {isa = PBXBuildFile; fileRef = D23F09D71F336EC60051AD81 /* Main.storyboard */; };
		D23F09DB1F336EC60051AD81 /* Assets.xcassets in Resources */ = {isa = PBXBuildFile; fileRef = D23F09DA1F336EC60051AD81 /* Assets.xcassets */; };
		D23F09DE1F336EC60051AD81 /* LaunchScreen.storyboard in Resources */ = {isa = PBXBuildFile; fileRef = D23F09DC1F336EC60051AD81 /* LaunchScreen.storyboard */; };
/* End PBXBuildFile section */

/* Begin PBXFileReference section */
		12A754B6D830BF34DCCA6CA6 /* Pods-InstgramCopy.debug.xcconfig */ = {isa = PBXFileReference; includeInIndex = 1; lastKnownFileType = text.xcconfig; name = "Pods-InstgramCopy.debug.xcconfig"; path = "Pods/Target Support Files/Pods-InstgramCopy/Pods-InstgramCopy.debug.xcconfig"; sourceTree = "<group>"; };
		15611F36CAAFA16CB5B906AB /* Pods_InstgramCopy.framework */ = {isa = PBXFileReference; explicitFileType = wrapper.framework; includeInIndex = 0; path = Pods_InstgramCopy.framework; sourceTree = BUILT_PRODUCTS_DIR; };
		BC6AD1BEB9C45967514308C3 /* Pods-InstgramCopy.release.xcconfig */ = {isa = PBXFileReference; includeInIndex = 1; lastKnownFileType = text.xcconfig; name = "Pods-InstgramCopy.release.xcconfig"; path = "Pods/Target Support Files/Pods-InstgramCopy/Pods-InstgramCopy.release.xcconfig"; sourceTree = "<group>"; };
		D23F09D01F336EC60051AD81 /* InstgramCopy.app */ = {isa = PBXFileReference; explicitFileType = wrapper.application; includeInIndex = 0; path = InstgramCopy.app; sourceTree = BUILT_PRODUCTS_DIR; };
		D23F09D31F336EC60051AD81 /* AppDelegate.swift */ = {isa = PBXFileReference; lastKnownFileType = sourcecode.swift; path = AppDelegate.swift; sourceTree = "<group>"; };
		D23F09D51F336EC60051AD81 /* ViewController.swift */ = {isa = PBXFileReference; lastKnownFileType = sourcecode.swift; path = ViewController.swift; sourceTree = "<group>"; };
		D23F09D81F336EC60051AD81 /* Base */ = {isa = PBXFileReference; lastKnownFileType = file.storyboard; name = Base; path = Base.lproj/Main.storyboard; sourceTree = "<group>"; };
		D23F09DA1F336EC60051AD81 /* Assets.xcassets */ = {isa = PBXFileReference; lastKnownFileType = folder.assetcatalog; path = Assets.xcassets; sourceTree = "<group>"; };
		D23F09DD1F336EC60051AD81 /* Base */ = {isa = PBXFileReference; lastKnownFileType = file.storyboard; name = Base; path = Base.lproj/LaunchScreen.storyboard; sourceTree = "<group>"; };
		D23F09DF1F336EC60051AD81 /* Info.plist */ = {isa = PBXFileReference; lastKnownFileType = text.plist.xml; path = Info.plist; sourceTree = "<group>"; };
		D23F09E51F336F2C0051AD81 /* GoogleService-Info.plist */ = {isa = PBXFileReference; lastKnownFileType = text.plist.xml; path = "GoogleService-Info.plist"; sourceTree = "<group>"; };
/* End PBXFileReference section */

/* Begin PBXFrameworksBuildPhase section */
		D23F09CD1F336EC60051AD81 /* Frameworks */ = {
			isa = PBXFrameworksBuildPhase;
			buildActionMask = 2147483647;
			files = (
				7914CD1589C15F571E082294 /* Pods_InstgramCopy.framework in Frameworks */,
			);
			runOnlyForDeploymentPostprocessing = 0;
		};
/* End PBXFrameworksBuildPhase section */

/* Begin PBXGroup section */
		623C9A4E6C4C537963997294 /* Pods */ = {
			isa = PBXGroup;
			children = (
				12A754B6D830BF34DCCA6CA6 /* Pods-InstgramCopy.debug.xcconfig */,
				BC6AD1BEB9C45967514308C3 /* Pods-InstgramCopy.release.xcconfig */,
			);
			name = Pods;
			sourceTree = "<group>";
		};
		AAC9348A8903B04ECEF0D2F2 /* Frameworks */ = {
			isa = PBXGroup;
			children = (
				15611F36CAAFA16CB5B906AB /* Pods_InstgramCopy.framework */,
			);
			name = Frameworks;
			sourceTree = "<group>";
		};
		D23F09C71F336EC60051AD81 = {
			isa = PBXGroup;
			children = (
				D23F09D21F336EC60051AD81 /* InstgramCopy */,
				D23F09D11F336EC60051AD81 /* Products */,
				623C9A4E6C4C537963997294 /* Pods */,
				AAC9348A8903B04ECEF0D2F2 /* Frameworks */,
			);
			sourceTree = "<group>";
		};
		D23F09D11F336EC60051AD81 /* Products */ = {
			isa = PBXGroup;
			children = (
				D23F09D01F336EC60051AD81 /* InstgramCopy.app */,
			);
			name = Products;
			sourceTree = "<group>";
		};
		D23F09D21F336EC60051AD81 /* InstgramCopy */ = {
			isa = PBXGroup;
			children = (
				D23F09D31F336EC60051AD81 /* AppDelegate.swift */,
				D23F09D51F336EC60051AD81 /* ViewController.swift */,
				D23F09D71F336EC60051AD81 /* Main.storyboard */,
				D23F09DA1F336EC60051AD81 /* Assets.xcassets */,
				D23F09DC1F336EC60051AD81 /* LaunchScreen.storyboard */,
				D23F09DF1F336EC60051AD81 /* Info.plist */,
				D23F09E51F336F2C0051AD81 /* GoogleService-Info.plist */,
			);
			path = InstgramCopy;
			sourceTree = "<group>";
		};
/* End PBXGroup section */

/* Begin PBXNativeTarget section */
		D23F09CF1F336EC60051AD81 /* InstgramCopy */ = {
			isa = PBXNativeTarget;
			buildConfigurationList = D23F09E21F336EC60051AD81 /* Build configuration list for PBXNativeTarget "InstgramCopy" */;
			buildPhases = (
				1065A72C8E0C8342D3644ABF /* [CP] Check Pods Manifest.lock */,
				D23F09CC1F336EC60051AD81 /* Sources */,
				D23F09CD1F336EC60051AD81 /* Frameworks */,
				D23F09CE1F336EC60051AD81 /* Resources */,
				30FB3601F8C05D152FB035AB /* [CP] Embed Pods Frameworks */,
				677FA6FABAE63048289089B0 /* [CP] Copy Pods Resources */,
			);
			buildRules = (
			);
			dependencies = (
			);
			name = InstgramCopy;
			productName = InstgramCopy;
			productReference = D23F09D01F336EC60051AD81 /* InstgramCopy.app */;
			productType = "com.apple.product-type.application";
		};
/* End PBXNativeTarget section */

/* Begin PBXProject section */
		D23F09C81F336EC60051AD81 /* Project object */ = {
			isa = PBXProject;
			attributes = {
				LastSwiftUpdateCheck = 0900;
				LastUpgradeCheck = 0900;
				ORGANIZATIONNAME = "Sagar Pahlajani";
				TargetAttributes = {
					D23F09CF1F336EC60051AD81 = {
						CreatedOnToolsVersion = 9.0;
					};
				};
			};
			buildConfigurationList = D23F09CB1F336EC60051AD81 /* Build configuration list for PBXProject "InstgramCopy" */;
			compatibilityVersion = "Xcode 8.0";
			developmentRegion = en;
			hasScannedForEncodings = 0;
			knownRegions = (
				en,
				Base,
			);
			mainGroup = D23F09C71F336EC60051AD81;
			productRefGroup = D23F09D11F336EC60051AD81 /* Products */;
			projectDirPath = "";
			projectRoot = "";
			targets = (
				D23F09CF1F336EC60051AD81 /* InstgramCopy */,
			);
		};
/* End PBXProject section */

/* Begin PBXResourcesBuildPhase section */
		D23F09CE1F336EC60051AD81 /* Resources */ = {
			isa = PBXResourcesBuildPhase;
			buildActionMask = 2147483647;
			files = (
				D23F09DE1F336EC60051AD81 /* LaunchScreen.storyboard in Resources */,
				D23F09DB1F336EC60051AD81 /* Assets.xcassets in Resources */,
				D23F09D91F336EC60051AD81 /* Main.storyboard in Resources */,
			);
			runOnlyForDeploymentPostprocessing = 0;
		};
/* End PBXResourcesBuildPhase section */

/* Begin PBXShellScriptBuildPhase section */
		1065A72C8E0C8342D3644ABF /* [CP] Check Pods Manifest.lock */ = {
			isa = PBXShellScriptBuildPhase;
			buildActionMask = 2147483647;
			files = (
			);
			inputPaths = (
			);
			name = "[CP] Check Pods Manifest.lock";
			outputPaths = (
			);
			runOnlyForDeploymentPostprocessing = 0;
			shellPath = /bin/sh;
			shellScript = "diff \"${PODS_PODFILE_DIR_PATH}/Podfile.lock\" \"${PODS_ROOT}/Manifest.lock\" > /dev/null\nif [ $? != 0 ] ; then\n    # print error to STDERR\n    echo \"error: The sandbox is not in sync with the Podfile.lock. Run 'pod install' or update your CocoaPods installation.\" >&2\n    exit 1\nfi\n";
			showEnvVarsInLog = 0;
		};
		30FB3601F8C05D152FB035AB /* [CP] Embed Pods Frameworks */ = {
			isa = PBXShellScriptBuildPhase;
			buildActionMask = 2147483647;
			files = (
			);
			inputPaths = (
			);
			name = "[CP] Embed Pods Frameworks";
			outputPaths = (
			);
			runOnlyForDeploymentPostprocessing = 0;
			shellPath = /bin/sh;
			shellScript = "\"${SRCROOT}/Pods/Target Support Files/Pods-InstgramCopy/Pods-InstgramCopy-frameworks.sh\"\n";
			showEnvVarsInLog = 0;
		};
		677FA6FABAE63048289089B0 /* [CP] Copy Pods Resources */ = {
			isa = PBXShellScriptBuildPhase;
			buildActionMask = 2147483647;
			files = (
			);
			inputPaths = (
			);
			name = "[CP] Copy Pods Resources";
			outputPaths = (
			);
			runOnlyForDeploymentPostprocessing = 0;
			shellPath = /bin/sh;
			shellScript = "\"${SRCROOT}/Pods/Target Support Files/Pods-InstgramCopy/Pods-InstgramCopy-resources.sh\"\n";
			showEnvVarsInLog = 0;
		};
/* End PBXShellScriptBuildPhase section */

/* Begin PBXSourcesBuildPhase section */
		D23F09CC1F336EC60051AD81 /* Sources */ = {
			isa = PBXSourcesBuildPhase;
			buildActionMask = 2147483647;
			files = (
				D23F09D61F336EC60051AD81 /* ViewController.swift in Sources */,
				D23F09D41F336EC60051AD81 /* AppDelegate.swift in Sources */,
			);
			runOnlyForDeploymentPostprocessing = 0;
		};
/* End PBXSourcesBuildPhase section */

/* Begin PBXVariantGroup section */
		D23F09D71F336EC60051AD81 /* Main.storyboard */ = {
			isa = PBXVariantGroup;
			children = (
				D23F09D81F336EC60051AD81 /* Base */,
			);
			name = Main.storyboard;
			sourceTree = "<group>";
		};
		D23F09DC1F336EC60051AD81 /* LaunchScreen.storyboard */ = {
			isa = PBXVariantGroup;
			children = (
				D23F09DD1F336EC60051AD81 /* Base */,
			);
			name = LaunchScreen.storyboard;
			sourceTree = "<group>";
		};
/* End PBXVariantGroup section */

/* Begin XCBuildConfiguration section */
		D23F09E01F336EC60051AD81 /* Debug */ = {
			isa = XCBuildConfiguration;
			buildSettings = {
				ALWAYS_SEARCH_USER_PATHS = NO;
				CLANG_ANALYZER_NONNULL = YES;
				CLANG_ANALYZER_NUMBER_OBJECT_CONVERSION = YES_AGGRESSIVE;
				CLANG_CXX_LANGUAGE_STANDARD = "gnu++14";
				CLANG_CXX_LIBRARY = "libc++";
				CLANG_ENABLE_MODULES = YES;
				CLANG_ENABLE_OBJC_ARC = YES;
				CLANG_WARN_BLOCK_CAPTURE_AUTORELEASING = YES;
				CLANG_WARN_BOOL_CONVERSION = YES;
				CLANG_WARN_COMMA = YES;
				CLANG_WARN_CONSTANT_CONVERSION = YES;
				CLANG_WARN_DIRECT_OBJC_ISA_USAGE = YES_ERROR;
				CLANG_WARN_DOCUMENTATION_COMMENTS = YES;
				CLANG_WARN_EMPTY_BODY = YES;
				CLANG_WARN_ENUM_CONVERSION = YES;
				CLANG_WARN_INFINITE_RECURSION = YES;
				CLANG_WARN_INT_CONVERSION = YES;
				CLANG_WARN_NON_LITERAL_NULL_CONVERSION = YES;
				CLANG_WARN_OBJC_LITERAL_CONVERSION = YES;
				CLANG_WARN_OBJC_ROOT_CLASS = YES_ERROR;
				CLANG_WARN_RANGE_LOOP_ANALYSIS = YES;
				CLANG_WARN_STRICT_PROTOTYPES = YES;
				CLANG_WARN_SUSPICIOUS_MOVE = YES;
				CLANG_WARN_UNGUARDED_AVAILABILITY = YES_AGGRESSIVE;
				CLANG_WARN_UNREACHABLE_CODE = YES;
				CLANG_WARN__DUPLICATE_METHOD_MATCH = YES;
				CODE_SIGN_IDENTITY = "iPhone Developer";
				COPY_PHASE_STRIP = NO;
				DEBUG_INFORMATION_FORMAT = dwarf;
				ENABLE_STRICT_OBJC_MSGSEND = YES;
				ENABLE_TESTABILITY = YES;
				GCC_C_LANGUAGE_STANDARD = gnu11;
				GCC_DYNAMIC_NO_PIC = NO;
				GCC_NO_COMMON_BLOCKS = YES;
				GCC_OPTIMIZATION_LEVEL = 0;
				GCC_PREPROCESSOR_DEFINITIONS = (
					"DEBUG=1",
					"$(inherited)",
				);
				GCC_WARN_64_TO_32_BIT_CONVERSION = YES;
				GCC_WARN_ABOUT_RETURN_TYPE = YES_ERROR;
				GCC_WARN_UNDECLARED_SELECTOR = YES;
				GCC_WARN_UNINITIALIZED_AUTOS = YES_AGGRESSIVE;
				GCC_WARN_UNUSED_FUNCTION = YES;
				GCC_WARN_UNUSED_VARIABLE = YES;
				IPHONEOS_DEPLOYMENT_TARGET = 11.0;
				MTL_ENABLE_DEBUG_INFO = YES;
				ONLY_ACTIVE_ARCH = YES;
				SDKROOT = iphoneos;
				SWIFT_ACTIVE_COMPILATION_CONDITIONS = DEBUG;
				SWIFT_OPTIMIZATION_LEVEL = "-Onone";
			};
			name = Debug;
		};
		D23F09E11F336EC60051AD81 /* Release */ = {
			isa = XCBuildConfiguration;
			buildSettings = {
				ALWAYS_SEARCH_USER_PATHS = NO;
				CLANG_ANALYZER_NONNULL = YES;
				CLANG_ANALYZER_NUMBER_OBJECT_CONVERSION = YES_AGGRESSIVE;
				CLANG_CXX_LANGUAGE_STANDARD = "gnu++14";
				CLANG_CXX_LIBRARY = "libc++";
				CLANG_ENABLE_MODULES = YES;
				CLANG_ENABLE_OBJC_ARC = YES;
				CLANG_WARN_BLOCK_CAPTURE_AUTORELEASING = YES;
				CLANG_WARN_BOOL_CONVERSION = YES;
				CLANG_WARN_COMMA = YES;
				CLANG_WARN_CONSTANT_CONVERSION = YES;
				CLANG_WARN_DIRECT_OBJC_ISA_USAGE = YES_ERROR;
				CLANG_WARN_DOCUMENTATION_COMMENTS = YES;
				CLANG_WARN_EMPTY_BODY = YES;
				CLANG_WARN_ENUM_CONVERSION = YES;
				CLANG_WARN_INFINITE_RECURSION = YES;
				CLANG_WARN_INT_CONVERSION = YES;
				CLANG_WARN_NON_LITERAL_NULL_CONVERSION = YES;
				CLANG_WARN_OBJC_LITERAL_CONVERSION = YES;
				CLANG_WARN_OBJC_ROOT_CLASS = YES_ERROR;
				CLANG_WARN_RANGE_LOOP_ANALYSIS = YES;
				CLANG_WARN_STRICT_PROTOTYPES = YES;
				CLANG_WARN_SUSPICIOUS_MOVE = YES;
				CLANG_WARN_UNGUARDED_AVAILABILITY = YES_AGGRESSIVE;
				CLANG_WARN_UNREACHABLE_CODE = YES;
				CLANG_WARN__DUPLICATE_METHOD_MATCH = YES;
				CODE_SIGN_IDENTITY = "iPhone Developer";
				COPY_PHASE_STRIP = NO;
				DEBUG_INFORMATION_FORMAT = "dwarf-with-dsym";
				ENABLE_NS_ASSERTIONS = NO;
				ENABLE_STRICT_OBJC_MSGSEND = YES;
				GCC_C_LANGUAGE_STANDARD = gnu11;
				GCC_NO_COMMON_BLOCKS = YES;
				GCC_WARN_64_TO_32_BIT_CONVERSION = YES;
				GCC_WARN_ABOUT_RETURN_TYPE = YES_ERROR;
				GCC_WARN_UNDECLARED_SELECTOR = YES;
				GCC_WARN_UNINITIALIZED_AUTOS = YES_AGGRESSIVE;
				GCC_WARN_UNUSED_FUNCTION = YES;
				GCC_WARN_UNUSED_VARIABLE = YES;
				IPHONEOS_DEPLOYMENT_TARGET = 11.0;
				MTL_ENABLE_DEBUG_INFO = NO;
				SDKROOT = iphoneos;
				SWIFT_OPTIMIZATION_LEVEL = "-Owholemodule";
				VALIDATE_PRODUCT = YES;
			};
			name = Release;
		};
		D23F09E31F336EC60051AD81 /* Debug */ = {
			isa = XCBuildConfiguration;
			baseConfigurationReference = 12A754B6D830BF34DCCA6CA6 /* Pods-InstgramCopy.debug.xcconfig */;
			buildSettings = {
				ASSETCATALOG_COMPILER_APPICON_NAME = AppIcon;
				DEVELOPMENT_TEAM = M2HSE9ANL8;
				INFOPLIST_FILE = InstgramCopy/Info.plist;
				LD_RUNPATH_SEARCH_PATHS = "$(inherited) @executable_path/Frameworks";
				PRODUCT_BUNDLE_IDENTIFIER = sagar.InstgramCopy;
				PRODUCT_NAME = "$(TARGET_NAME)";
				SWIFT_VERSION = 4.0;
				TARGETED_DEVICE_FAMILY = "1,2";
			};
			name = Debug;
		};
		D23F09E41F336EC60051AD81 /* Release */ = {
			isa = XCBuildConfiguration;
			baseConfigurationReference = BC6AD1BEB9C45967514308C3 /* Pods-InstgramCopy.release.xcconfig */;
			buildSettings = {
				ASSETCATALOG_COMPILER_APPICON_NAME = AppIcon;
				DEVELOPMENT_TEAM = M2HSE9ANL8;
				INFOPLIST_FILE = InstgramCopy/Info.plist;
				LD_RUNPATH_SEARCH_PATHS = "$(inherited) @executable_path/Frameworks";
				PRODUCT_BUNDLE_IDENTIFIER = sagar.InstgramCopy;
				PRODUCT_NAME = "$(TARGET_NAME)";
				SWIFT_VERSION = 4.0;
				TARGETED_DEVICE_FAMILY = "1,2";
			};
			name = Release;
		};
/* End XCBuildConfiguration section */

/* Begin XCConfigurationList section */
		D23F09CB1F336EC60051AD81 /* Build configuration list for PBXProject "InstgramCopy" */ = {
			isa = XCConfigurationList;
			buildConfigurations = (
				D23F09E01F336EC60051AD81 /* Debug */,
				D23F09E11F336EC60051AD81 /* Release */,
			);
			defaultConfigurationIsVisible = 0;
			defaultConfigurationName = Release;
		};
		D23F09E21F336EC60051AD81 /* Build configuration list for PBXNativeTarget "InstgramCopy" */ = {
			isa = XCConfigurationList;
			buildConfigurations = (
				D23F09E31F336EC60051AD81 /* Debug */,
				D23F09E41F336EC60051AD81 /* Release */,
			);
			defaultConfigurationIsVisible = 0;
			defaultConfigurationName = Release;
		};
/* End XCConfigurationList section */
	};
	rootObject = D23F09C81F336EC60051AD81 /* Project object */;
}
